{
  "version": 4,
  "terraform_version": "1.8.3",
  "serial": 3,
  "lineage": "abbc0425-fb1e-0042-d5c9-656c848bc610",
  "outputs": {
    "instance_ip": {
      "value": "34.159.137.246",
      "type": "string"
    }
  },
  "resources": [
    {
      "mode": "managed",
      "type": "google_compute_instance",
      "name": "default",
      "provider": "provider[\"registry.terraform.io/hashicorp/google\"]",
      "instances": [
        {
          "schema_version": 6,
          "attributes": {
            "advanced_machine_features": [],
            "allow_stopping_for_update": null,
            "attached_disk": [],
            "boot_disk": [
              {
                "auto_delete": true,
                "device_name": "persistent-disk-0",
                "disk_encryption_key_raw": "",
                "disk_encryption_key_sha256": "",
                "initialize_params": [
                  {
                    "enable_confidential_compute": false,
                    "image": "https://www.googleapis.com/compute/v1/projects/debian-cloud/global/images/debian-11-bullseye-v20240515",
                    "labels": {},
                    "provisioned_iops": 0,
                    "provisioned_throughput": 0,
                    "resource_manager_tags": null,
                    "size": 10,
                    "type": "pd-standard"
                  }
                ],
                "kms_key_self_link": "",
                "mode": "READ_WRITE",
                "source": "https://www.googleapis.com/compute/v1/projects/ethereal-orb-375915/zones/europe-west3-a/disks/semaphore-vm"
              }
            ],
            "can_ip_forward": false,
            "confidential_instance_config": [],
            "cpu_platform": "Intel Broadwell",
            "current_status": "RUNNING",
            "deletion_protection": false,
            "description": "",
            "desired_status": null,
            "effective_labels": {},
            "enable_display": false,
            "guest_accelerator": [],
            "hostname": "",
            "id": "projects/ethereal-orb-375915/zones/europe-west3-a/instances/semaphore-vm",
            "instance_id": "3456520499589994740",
            "label_fingerprint": "42WmSpB8rSM=",
            "labels": null,
            "machine_type": "e2-small",
            "metadata": {
              "ssh-keys": "terraform:ssh-rsa AAAAB3NzaC1yc2EAAAADAQABAAACAQDat64zHhHMdAvp1TGg6BesB/eSpIJeEnPBtLdcOLkURoXHt19KlhCaQ2fs3CD9CXsv3vkHaCCwIZbMMyqYxUo7dwgJugrvHFvImWxU44qT3OKFHzyjleHf/TgJo5jWgkrBxZelWUYrLkzIC87pGIKN0gc5idtnXrKRc6r/vslHINA5A6/zxokth3Y1vtd7zE0ztf8FgJTcAMhK17m4zHtCrjdXY99C6uFZGGKOYkDs9V4zpYal7WX8JQu0LbEn1Fc2YY6fzzORhZERyW8aaY+gbnlsDS0tbIABwyzlNMmwxj8hZk5DHr0Kktj51uz4PwOgXsnOxm4HzMuUe0n4sQ41df6znJbBGG0x6DC9yG2mdqBDP4YaGd1qyew0+fH3zHxSR6CxuxbLsWLM1+pSQ3G89q/sURQa+enr0qmku7zOxzOato8vWjYzd6L/HYVWtL5wDgsW7gzuynfwqykNif8ZD5E8mczwFXmkL9z6zQ1sOLDqRhiNKxn14nHtkNOw+ijEwjaLokD7aBwXmizj0ZTdJ/jjEUaaimZA6w/7LfV6hA3gNUWP0F1zcFv6fZkGE8vYmHFfSn8qZ9Vb/o7m556zB/Lu7VJbsaAwgoXL0B4c/TMylvNjzT18t+iJpDfVBdkJomZ6Q5bKdB1T4VhsQrAyzb0cYUKvzU9uTqHQigwB4w== pcachera1@myges.fr\n"
            },
            "metadata_fingerprint": "b5z_I59bZZs=",
            "metadata_startup_script": "#!/bin/bash\nsudo apt-get update\nsudo apt-get install -y python3 python3-pip\nsudo pip3 install ansible\n",
            "min_cpu_platform": "",
            "name": "semaphore-vm",
            "network_interface": [
              {
                "access_config": [
                  {
                    "nat_ip": "34.159.137.246",
                    "network_tier": "PREMIUM",
                    "public_ptr_domain_name": ""
                  }
                ],
                "alias_ip_range": [],
                "internal_ipv6_prefix_length": 0,
                "ipv6_access_config": [],
                "ipv6_access_type": "",
                "ipv6_address": "",
                "name": "nic0",
                "network": "https://www.googleapis.com/compute/v1/projects/ethereal-orb-375915/global/networks/default",
                "network_ip": "10.156.0.3",
                "nic_type": "",
                "queue_count": 0,
                "stack_type": "IPV4_ONLY",
                "subnetwork": "https://www.googleapis.com/compute/v1/projects/ethereal-orb-375915/regions/europe-west3/subnetworks/default",
                "subnetwork_project": "ethereal-orb-375915"
              }
            ],
            "network_performance_config": [],
            "params": [],
            "project": "ethereal-orb-375915",
            "reservation_affinity": [],
            "resource_policies": null,
            "scheduling": [
              {
                "automatic_restart": true,
                "instance_termination_action": "",
                "local_ssd_recovery_timeout": [],
                "min_node_cpus": 0,
                "node_affinities": [],
                "on_host_maintenance": "MIGRATE",
                "preemptible": false,
                "provisioning_model": "STANDARD"
              }
            ],
            "scratch_disk": [],
            "self_link": "https://www.googleapis.com/compute/v1/projects/ethereal-orb-375915/zones/europe-west3-a/instances/semaphore-vm",
            "service_account": [],
            "shielded_instance_config": [
              {
                "enable_integrity_monitoring": true,
                "enable_secure_boot": false,
                "enable_vtpm": true
              }
            ],
            "tags": [
              "http-server",
              "https-server"
            ],
            "tags_fingerprint": "6smc4R4d39I=",
            "terraform_labels": {},
            "timeouts": null,
            "zone": "europe-west3-a"
          },
          "sensitive_attributes": [
            [
              {
                "type": "get_attr",
                "value": "boot_disk"
              },
              {
                "type": "index",
                "value": {
                  "value": 0,
                  "type": "number"
                }
              },
              {
                "type": "get_attr",
                "value": "disk_encryption_key_raw"
              }
            ]
          ],
          "private": "eyJlMmJmYjczMC1lY2FhLTExZTYtOGY4OC0zNDM2M2JjN2M0YzAiOnsiY3JlYXRlIjoxMjAwMDAwMDAwMDAwLCJkZWxldGUiOjEyMDAwMDAwMDAwMDAsInVwZGF0ZSI6MTIwMDAwMDAwMDAwMH0sInNjaGVtYV92ZXJzaW9uIjoiNiJ9"
        }
      ]
    }
  ],
  "check_results": null
}
